{
  "nodes": {
    "nixpkgs": {
      "locked": {
        "lastModified": 1780832067,
        "narHash": "sha256-BXDqwUf7uXSISC/JTNS/gqQhqoOwBUmIHWDkdyIlKVE=",
        "owner": "nixos",
        "repo": "nixpkgs",
        "rev": "efbfd9e47e6461c86e60052d165235256c9e1b05",
        "type": "github"
      },
      "original": {
        "owner": "nixos",
        "repo": "nixpkgs",
        "type": "github"
      }
    },
    "root": {
      "inputs": {
        "nixpkgs": "nixpkgs"
      }
    }
  },
  "root": "root",
  "version": 7
}
